
Microsoft Visual Studio Solution File, Format Version 12.00
# Visual Studio 15
VisualStudioVersion = 15.0.27703.2042
MinimumVisualStudioVersion = 10.0.40219.1
Project("{FAE04EC0-301F-11D3-BF4B-00C04F79EFBC}") = "HackersHubV2", "HackersHubV2\HackersHubV2.csproj", "{2C69B6B5-1E52-416F-9E4D-0F322034C702}"
EndProject
Global
	GlobalSection(SolutionConfigurationPlatforms) = preSolution
		Debug|Any CPU = Debug|Any CPU
		Release|Any CPU = Release|Any CPU
	EndGlobalSection
	GlobalSection(ProjectConfigurationPlatforms) = postSolution
		{2C69B6B5-1E52-416F-9E4D-0F322034C702}.Debug|Any CPU.ActiveCfg = Debug|Any CPU
		{2C69B6B5-1E52-416F-9E4D-0F322034C702}.Debug|Any CPU.Build.0 = Debug|Any CPU
		{2C69B6B5-1E52-416F-9E4D-0F322034C702}.Release|Any CPU.ActiveCfg = Release|Any CPU
		{2C69B6B5-1E52-416F-9E4D-0F322034C702}.Release|Any CPU.Build.0 = Release|Any CPU
	EndGlobalSection
	GlobalSection(SolutionProperties) = preSolution
		HideSolutionNode = FALSE
	EndGlobalSection
	GlobalSection(ExtensibilityGlobals) = postSolution
		SolutionGuid = {E958DD1C-58E1-4BC0-A38B-73849615A8D7}
	EndGlobalSection
EndGlobal
